
Microsoft Visual Studio Solution File, Format Version 12.00
# Visual Studio Version 17
VisualStudioVersion = 17.9.34728.123
MinimumVisualStudioVersion = 10.0.40219.1
Project("{FAE04EC0-301F-11D3-BF4B-00C04F79EFBC}") = "async_task", "async_task.csproj", "{97110149-4F97-47DE-9DD2-F840D353B8B8}"
EndProject
Global
	GlobalSection(SolutionConfigurationPlatforms) = preSolution
		Debug|Any CPU = Debug|Any CPU
		Release|Any CPU = Release|Any CPU
	EndGlobalSection
	GlobalSection(ProjectConfigurationPlatforms) = postSolution
		{97110149-4F97-47DE-9DD2-F840D353B8B8}.Debug|Any CPU.ActiveCfg = Debug|Any CPU
		{97110149-4F97-47DE-9DD2-F840D353B8B8}.Debug|Any CPU.Build.0 = Debug|Any CPU
		{97110149-4F97-47DE-9DD2-F840D353B8B8}.Release|Any CPU.ActiveCfg = Release|Any CPU
		{97110149-4F97-47DE-9DD2-F840D353B8B8}.Release|Any CPU.Build.0 = Release|Any CPU
	EndGlobalSection
	GlobalSection(SolutionProperties) = preSolution
		HideSolutionNode = FALSE
	EndGlobalSection
	GlobalSection(ExtensibilityGlobals) = postSolution
		SolutionGuid = {91FECFCF-1558-46A4-99CE-22BEDC6DA284}
	EndGlobalSection
EndGlobal
